# THIS IS AN AUTOGENERATED FILE. DO NOT EDIT THIS FILE DIRECTLY.
# yarn lockfile v1


vue-axios@^2.1.4:
  version "2.1.4"
  resolved "https://registry.yarnpkg.com/vue-axios/-/vue-axios-2.1.4.tgz#a9d298f7e876f9a87feb336b37adcbce34ff9f9f"
  integrity sha512-DS8Q+WFT3i7nS0aZ/NMmTPf2yhbtlXhj4QEZmY69au/BshsGzGjC6dXaniZaPQlErP3J3Sv1HtQ4RVrXaUTkxA==
